
Microsoft Visual Studio Solution File, Format Version 12.00
# Visual Studio Version 17
VisualStudioVersion = 17.5.33312.197
MinimumVisualStudioVersion = 10.0.40219.1
Project("{FAE04EC0-301F-11D3-BF4B-00C04F79EFBC}") = "WebAPI", "WebAPI\WebAPI.csproj", "{696163A9-2D61-428C-A1AD-300BCF81655D}"
EndProject
Global
	GlobalSection(SolutionConfigurationPlatforms) = preSolution
		Debug|Any CPU = Debug|Any CPU
		Release|Any CPU = Release|Any CPU
	EndGlobalSection
	GlobalSection(ProjectConfigurationPlatforms) = postSolution
		{696163A9-2D61-428C-A1AD-300BCF81655D}.Debug|Any CPU.ActiveCfg = Debug|Any CPU
		{696163A9-2D61-428C-A1AD-300BCF81655D}.Debug|Any CPU.Build.0 = Debug|Any CPU
		{696163A9-2D61-428C-A1AD-300BCF81655D}.Release|Any CPU.ActiveCfg = Release|Any CPU
		{696163A9-2D61-428C-A1AD-300BCF81655D}.Release|Any CPU.Build.0 = Release|Any CPU
	EndGlobalSection
	GlobalSection(SolutionProperties) = preSolution
		HideSolutionNode = FALSE
	EndGlobalSection
	GlobalSection(ExtensibilityGlobals) = postSolution
		SolutionGuid = {F217E03B-99EC-44E7-9EC8-D903BBC7508F}
	EndGlobalSection
EndGlobal
